
Microsoft Visual Studio Solution File, Format Version 12.00
# Visual Studio Version 17
VisualStudioVersion = 17.9.34723.18
MinimumVisualStudioVersion = 10.0.40219.1
Project("{9A19103F-16F7-4668-BE54-9A1E7A4F7556}") = "grenius-api", "grenius-api\grenius-api.csproj", "{93059A09-0C65-4AF6-92CD-626C3E371D81}"
EndProject
Project("{FAE04EC0-301F-11D3-BF4B-00C04F79EFBC}") = "MessageContracts", "MessageContracts\MessageContracts.csproj", "{DD041C0E-6DF0-4560-AAF2-587142E4DCC9}"
EndProject
Global
	GlobalSection(SolutionConfigurationPlatforms) = preSolution
		Debug|Any CPU = Debug|Any CPU
		Release|Any CPU = Release|Any CPU
	EndGlobalSection
	GlobalSection(ProjectConfigurationPlatforms) = postSolution
		{93059A09-0C65-4AF6-92CD-626C3E371D81}.Debug|Any CPU.ActiveCfg = Debug|Any CPU
		{93059A09-0C65-4AF6-92CD-626C3E371D81}.Debug|Any CPU.Build.0 = Debug|Any CPU
		{93059A09-0C65-4AF6-92CD-626C3E371D81}.Release|Any CPU.ActiveCfg = Release|Any CPU
		{93059A09-0C65-4AF6-92CD-626C3E371D81}.Release|Any CPU.Build.0 = Release|Any CPU
		{DD041C0E-6DF0-4560-AAF2-587142E4DCC9}.Debug|Any CPU.ActiveCfg = Debug|Any CPU
		{DD041C0E-6DF0-4560-AAF2-587142E4DCC9}.Debug|Any CPU.Build.0 = Debug|Any CPU
		{DD041C0E-6DF0-4560-AAF2-587142E4DCC9}.Release|Any CPU.ActiveCfg = Release|Any CPU
		{DD041C0E-6DF0-4560-AAF2-587142E4DCC9}.Release|Any CPU.Build.0 = Release|Any CPU
	EndGlobalSection
	GlobalSection(SolutionProperties) = preSolution
		HideSolutionNode = FALSE
	EndGlobalSection
	GlobalSection(ExtensibilityGlobals) = postSolution
		SolutionGuid = {2EA35FAE-40B6-47A1-969A-6CBBB800AAFB}
	EndGlobalSection
EndGlobal
